
Microsoft Visual Studio Solution File, Format Version 12.00
# Visual Studio 14
VisualStudioVersion = 14.0.25420.1
MinimumVisualStudioVersion = 10.0.40219.1
Project("{FAE04EC0-301F-11D3-BF4B-00C04F79EFBC}") = "NCG.App", "NHibernateClassGenerator\NCG.App.csproj", "{5395E00B-1165-499C-B367-5864C880187C}"
EndProject
Project("{FAE04EC0-301F-11D3-BF4B-00C04F79EFBC}") = "NCG.Core", "NCG.Core\NCG.Core.csproj", "{2FC23ED6-6D5F-4A7F-BF87-D79E0BB86F42}"
EndProject
Global
	GlobalSection(SolutionConfigurationPlatforms) = preSolution
		Debug|Any CPU = Debug|Any CPU
		Release|Any CPU = Release|Any CPU
	EndGlobalSection
	GlobalSection(ProjectConfigurationPlatforms) = postSolution
		{5395E00B-1165-499C-B367-5864C880187C}.Debug|Any CPU.ActiveCfg = Debug|Any CPU
		{5395E00B-1165-499C-B367-5864C880187C}.Debug|Any CPU.Build.0 = Debug|Any CPU
		{5395E00B-1165-499C-B367-5864C880187C}.Release|Any CPU.ActiveCfg = Release|Any CPU
		{5395E00B-1165-499C-B367-5864C880187C}.Release|Any CPU.Build.0 = Release|Any CPU
		{2FC23ED6-6D5F-4A7F-BF87-D79E0BB86F42}.Debug|Any CPU.ActiveCfg = Debug|Any CPU
		{2FC23ED6-6D5F-4A7F-BF87-D79E0BB86F42}.Debug|Any CPU.Build.0 = Debug|Any CPU
		{2FC23ED6-6D5F-4A7F-BF87-D79E0BB86F42}.Release|Any CPU.ActiveCfg = Release|Any CPU
		{2FC23ED6-6D5F-4A7F-BF87-D79E0BB86F42}.Release|Any CPU.Build.0 = Release|Any CPU
	EndGlobalSection
	GlobalSection(SolutionProperties) = preSolution
		HideSolutionNode = FALSE
	EndGlobalSection
EndGlobal
